PODS:
  - CommonKit (0.1.0)
  - CwlCatchException (2.2.1):
    - CwlCatchExceptionSupport (~> 2.2.1)
  - CwlCatchExceptionSupport (2.2.1)
  - CwlMachBadInstructionHandler (2.2.2)
  - CwlPosixPreconditionTesting (2.2.2)
  - CwlPreconditionTesting (2.2.2):
    - CwlCatchException (~> 2.2.1)
    - CwlMachBadInstructionHandler (~> 2.2.2)
    - CwlPosixPreconditionTesting (~> 2.2.2)
  - Nimble (13.7.1):
    - CwlPreconditionTesting (~> 2.2.0)
  - Quick (3.0.1)

DEPENDENCIES:
  - CommonKit (from `../`)
  - Nimble (~> 13.7.1)
  - Quick (~> 3.0.0)

SPEC REPOS:
  trunk:
    - CwlCatchException
    - CwlCatchExceptionSupport
    - CwlMachBadInstructionHandler
    - CwlPosixPreconditionTesting
    - CwlPreconditionTesting
    - Nimble
    - Quick

EXTERNAL SOURCES:
  CommonKit:
    :path: "../"

SPEC CHECKSUMS:
  CommonKit: 3bd25ccfec36fa54f1b3ea6df5a19e99b186c214
  CwlCatchException: 7acc161b299a6de7f0a46a6ed741eae2c8b4d75a
  CwlCatchExceptionSupport: 54ccab8d8c78907b57f99717fb19d4cc3bce02dc
  CwlMachBadInstructionHandler: dae4fdd124d45c9910ac240287cc7b898f4502a1
  CwlPosixPreconditionTesting: ecd095aa2129e740b44301c34571e8d85906fb88
  CwlPreconditionTesting: 67a0047dd4de4382b93442c0e3f25207f984f35a
  Nimble: 317d713c30c3336dd8571da1889f7ec3afc626e8
  Quick: 947834f0d0f43fc933d0e9dd00086a76e783e4fb

PODFILE CHECKSUM: bc439be0a0119a73937d79f12e3adf465b7247c4

COCOAPODS: 1.16.2
